
Microsoft Visual Studio Solution File, Format Version 12.00
# Visual Studio Version 17
VisualStudioVersion = 17.14.37111.16 d17.14
MinimumVisualStudioVersion = 10.0.40219.1
Project("{FAE04EC0-301F-11D3-BF4B-00C04F79EFBC}") = "TableReservationService2", "TableReservationService2\TableReservationService2.csproj", "{4C0C6F42-C0AA-47AA-BCC2-EDBB405C50A7}"
EndProject
Global
	GlobalSection(SolutionConfigurationPlatforms) = preSolution
		Debug|Any CPU = Debug|Any CPU
		Release|Any CPU = Release|Any CPU
	EndGlobalSection
	GlobalSection(ProjectConfigurationPlatforms) = postSolution
		{4C0C6F42-C0AA-47AA-BCC2-EDBB405C50A7}.Debug|Any CPU.ActiveCfg = Debug|Any CPU
		{4C0C6F42-C0AA-47AA-BCC2-EDBB405C50A7}.Debug|Any CPU.Build.0 = Debug|Any CPU
		{4C0C6F42-C0AA-47AA-BCC2-EDBB405C50A7}.Release|Any CPU.ActiveCfg = Release|Any CPU
		{4C0C6F42-C0AA-47AA-BCC2-EDBB405C50A7}.Release|Any CPU.Build.0 = Release|Any CPU
	EndGlobalSection
	GlobalSection(SolutionProperties) = preSolution
		HideSolutionNode = FALSE
	EndGlobalSection
	GlobalSection(ExtensibilityGlobals) = postSolution
		SolutionGuid = {C9F84208-CC12-493D-8809-7BC3A4A9A4E6}
	EndGlobalSection
EndGlobal
